// !$*UTF8*$!
{
	archiveVersion = 1;
	classes = {
	};
	objectVersion = 50;
	objects = {

/* Begin PBXBuildFile section */
		AA4A4B6F22A7A2260074C5A3 /* AppDelegate.swift in Sources */ = {isa = PBXBuildFile; fileRef = AA4A4B6E22A7A2260074C5A3 /* AppDelegate.swift */; };
		AA4A4B7422A7A2260074C5A3 /* Main.storyboard in Resources */ = {isa = PBXBuildFile; fileRef = AA4A4B7222A7A2260074C5A3 /* Main.storyboard */; };
		AA4A4B7622A7A2280074C5A3 /* Assets.xcassets in Resources */ = {isa = PBXBuildFile; fileRef = AA4A4B7522A7A2280074C5A3 /* Assets.xcassets */; };
		AA4A4B7922A7A2280074C5A3 /* LaunchScreen.storyboard in Resources */ = {isa = PBXBuildFile; fileRef = AA4A4B7722A7A2280074C5A3 /* LaunchScreen.storyboard */; };
		AA4A4B8122A7A4C00074C5A3 /* MasterController.swift in Sources */ = {isa = PBXBuildFile; fileRef = AA4A4B8022A7A4C00074C5A3 /* MasterController.swift */; };
		AA4A4B8622A7A5860074C5A3 /* ReminderCell.swift in Sources */ = {isa = PBXBuildFile; fileRef = AA4A4B8522A7A5860074C5A3 /* ReminderCell.swift */; };
		AA4A4B8922A7B03C0074C5A3 /* Reminder.xcdatamodeld in Sources */ = {isa = PBXBuildFile; fileRef = AA4A4B8722A7B03C0074C5A3 /* Reminder.xcdatamodeld */; };
		AA4A4B8C22A7B1200074C5A3 /* Reminder+CoreDataClass.swift in Sources */ = {isa = PBXBuildFile; fileRef = AA4A4B8A22A7B1200074C5A3 /* Reminder+CoreDataClass.swift */; };
		AA4A4B8D22A7B1200074C5A3 /* Reminder+CoreDataProperties.swift in Sources */ = {isa = PBXBuildFile; fileRef = AA4A4B8B22A7B1200074C5A3 /* Reminder+CoreDataProperties.swift */; };
		AA4A4B9022A7B2B60074C5A3 /* CoreDataStack.swift in Sources */ = {isa = PBXBuildFile; fileRef = AA4A4B8F22A7B2B60074C5A3 /* CoreDataStack.swift */; };
		AA4A4B9222A7B3310074C5A3 /* DataSource.swift in Sources */ = {isa = PBXBuildFile; fileRef = AA4A4B9122A7B3310074C5A3 /* DataSource.swift */; };
		AA4A4B9422A7B38F0074C5A3 /* ReminderFetchResultsController.swift in Sources */ = {isa = PBXBuildFile; fileRef = AA4A4B9322A7B38F0074C5A3 /* ReminderFetchResultsController.swift */; };
		AA4A4B9622A7B6BF0074C5A3 /* DetailController.swift in Sources */ = {isa = PBXBuildFile; fileRef = AA4A4B9522A7B6BF0074C5A3 /* DetailController.swift */; };
		AA4A4B9822A7B75E0074C5A3 /* Coordinate.swift in Sources */ = {isa = PBXBuildFile; fileRef = AA4A4B9722A7B75E0074C5A3 /* Coordinate.swift */; };
		AA4A4B9A22A7E1630074C5A3 /* LocationController.swift in Sources */ = {isa = PBXBuildFile; fileRef = AA4A4B9922A7E1630074C5A3 /* LocationController.swift */; };
		AA4A4B9C22A7E26A0074C5A3 /* LocationManager.swift in Sources */ = {isa = PBXBuildFile; fileRef = AA4A4B9B22A7E26A0074C5A3 /* LocationManager.swift */; };
		AA4A4B9E22A7E3620074C5A3 /* AlertError.swift in Sources */ = {isa = PBXBuildFile; fileRef = AA4A4B9D22A7E3620074C5A3 /* AlertError.swift */; };
		AA4A4BA022A906430074C5A3 /* SimulatedLocations.gpx in Resources */ = {isa = PBXBuildFile; fileRef = AA4A4B9F22A906420074C5A3 /* SimulatedLocations.gpx */; };
		AA4A4BA222A9064D0074C5A3 /* Apple.gpx in Resources */ = {isa = PBXBuildFile; fileRef = AA4A4BA122A9064C0074C5A3 /* Apple.gpx */; };
		AA4A4BA422A906540074C5A3 /* Google.gpx in Resources */ = {isa = PBXBuildFile; fileRef = AA4A4BA322A906540074C5A3 /* Google.gpx */; };
/* End PBXBuildFile section */

/* Begin PBXFileReference section */
		AA4A4B6B22A7A2260074C5A3 /* RemindersApp.app */ = {isa = PBXFileReference; explicitFileType = wrapper.application; includeInIndex = 0; path = RemindersApp.app; sourceTree = BUILT_PRODUCTS_DIR; };
		AA4A4B6E22A7A2260074C5A3 /* AppDelegate.swift */ = {isa = PBXFileReference; lastKnownFileType = sourcecode.swift; path = AppDelegate.swift; sourceTree = "<group>"; };
		AA4A4B7322A7A2260074C5A3 /* Base */ = {isa = PBXFileReference; lastKnownFileType = file.storyboard; name = Base; path = Base.lproj/Main.storyboard; sourceTree = "<group>"; };
		AA4A4B7522A7A2280074C5A3 /* Assets.xcassets */ = {isa = PBXFileReference; lastKnownFileType = folder.assetcatalog; path = Assets.xcassets; sourceTree = "<group>"; };
		AA4A4B7822A7A2280074C5A3 /* Base */ = {isa = PBXFileReference; lastKnownFileType = file.storyboard; name = Base; path = Base.lproj/LaunchScreen.storyboard; sourceTree = "<group>"; };
		AA4A4B7A22A7A2280074C5A3 /* Info.plist */ = {isa = PBXFileReference; lastKnownFileType = text.plist.xml; path = Info.plist; sourceTree = "<group>"; };
		AA4A4B8022A7A4C00074C5A3 /* MasterController.swift */ = {isa = PBXFileReference; lastKnownFileType = sourcecode.swift; path = MasterController.swift; sourceTree = "<group>"; };
		AA4A4B8522A7A5860074C5A3 /* ReminderCell.swift */ = {isa = PBXFileReference; lastKnownFileType = sourcecode.swift; name = ReminderCell.swift; path = RemindersApp/Views/ReminderCell.swift; sourceTree = SOURCE_ROOT; };
		AA4A4B8822A7B03C0074C5A3 /* Reminder.xcdatamodel */ = {isa = PBXFileReference; lastKnownFileType = wrapper.xcdatamodel; path = Reminder.xcdatamodel; sourceTree = "<group>"; };
		AA4A4B8A22A7B1200074C5A3 /* Reminder+CoreDataClass.swift */ = {isa = PBXFileReference; lastKnownFileType = sourcecode.swift; path = "Reminder+CoreDataClass.swift"; sourceTree = "<group>"; };
		AA4A4B8B22A7B1200074C5A3 /* Reminder+CoreDataProperties.swift */ = {isa = PBXFileReference; lastKnownFileType = sourcecode.swift; path = "Reminder+CoreDataProperties.swift"; sourceTree = "<group>"; };
		AA4A4B8F22A7B2B60074C5A3 /* CoreDataStack.swift */ = {isa = PBXFileReference; lastKnownFileType = sourcecode.swift; path = CoreDataStack.swift; sourceTree = "<group>"; };
		AA4A4B9122A7B3310074C5A3 /* DataSource.swift */ = {isa = PBXFileReference; lastKnownFileType = sourcecode.swift; path = DataSource.swift; sourceTree = "<group>"; };
		AA4A4B9322A7B38F0074C5A3 /* ReminderFetchResultsController.swift */ = {isa = PBXFileReference; lastKnownFileType = sourcecode.swift; path = ReminderFetchResultsController.swift; sourceTree = "<group>"; };
		AA4A4B9522A7B6BF0074C5A3 /* DetailController.swift */ = {isa = PBXFileReference; lastKnownFileType = sourcecode.swift; path = DetailController.swift; sourceTree = "<group>"; };
		AA4A4B9722A7B75E0074C5A3 /* Coordinate.swift */ = {isa = PBXFileReference; lastKnownFileType = sourcecode.swift; path = Coordinate.swift; sourceTree = "<group>"; };
		AA4A4B9922A7E1630074C5A3 /* LocationController.swift */ = {isa = PBXFileReference; lastKnownFileType = sourcecode.swift; path = LocationController.swift; sourceTree = "<group>"; };
		AA4A4B9B22A7E26A0074C5A3 /* LocationManager.swift */ = {isa = PBXFileReference; lastKnownFileType = sourcecode.swift; path = LocationManager.swift; sourceTree = "<group>"; };
		AA4A4B9D22A7E3620074C5A3 /* AlertError.swift */ = {isa = PBXFileReference; lastKnownFileType = sourcecode.swift; path = AlertError.swift; sourceTree = "<group>"; };
		AA4A4B9F22A906420074C5A3 /* SimulatedLocations.gpx */ = {isa = PBXFileReference; fileEncoding = 4; lastKnownFileType = text.xml; name = SimulatedLocations.gpx; path = "../../../../../Downloads/Geotify/Geotify-Starter/Geotify/SimulatedLocations.gpx"; sourceTree = "<group>"; };
		AA4A4BA122A9064C0074C5A3 /* Apple.gpx */ = {isa = PBXFileReference; fileEncoding = 4; lastKnownFileType = text.xml; name = Apple.gpx; path = "../../../../../Downloads/Geotify/Geotify-Starter/Geotify/Apple.gpx"; sourceTree = "<group>"; };
		AA4A4BA322A906540074C5A3 /* Google.gpx */ = {isa = PBXFileReference; fileEncoding = 4; lastKnownFileType = text.xml; name = Google.gpx; path = "../../../../../Downloads/Geotify/Geotify-Starter/Geotify/Google.gpx"; sourceTree = "<group>"; };
/* End PBXFileReference section */

/* Begin PBXFrameworksBuildPhase section */
		AA4A4B6822A7A2260074C5A3 /* Frameworks */ = {
			isa = PBXFrameworksBuildPhase;
			buildActionMask = 2147483647;
			files = (
			);
			runOnlyForDeploymentPostprocessing = 0;
		};
/* End PBXFrameworksBuildPhase section */

/* Begin PBXGroup section */
		AA4A4B6222A7A2260074C5A3 = {
			isa = PBXGroup;
			children = (
				AA4A4B6D22A7A2260074C5A3 /* RemindersApp */,
				AA4A4B6C22A7A2260074C5A3 /* Products */,
			);
			sourceTree = "<group>";
		};
		AA4A4B6C22A7A2260074C5A3 /* Products */ = {
			isa = PBXGroup;
			children = (
				AA4A4B6B22A7A2260074C5A3 /* RemindersApp.app */,
			);
			name = Products;
			sourceTree = "<group>";
		};
		AA4A4B6D22A7A2260074C5A3 /* RemindersApp */ = {
			isa = PBXGroup;
			children = (
				AA4A4B8E22A7B29E0074C5A3 /* Helpers */,
				AA4A4B8422A7A5610074C5A3 /* Models */,
				AA4A4B8322A7A54E0074C5A3 /* Views */,
				AA4A4B8222A7A5430074C5A3 /* Controllers */,
				AA4A4B6E22A7A2260074C5A3 /* AppDelegate.swift */,
				AA4A4B7222A7A2260074C5A3 /* Main.storyboard */,
				AA4A4B7522A7A2280074C5A3 /* Assets.xcassets */,
				AA4A4B7722A7A2280074C5A3 /* LaunchScreen.storyboard */,
				AA4A4BA122A9064C0074C5A3 /* Apple.gpx */,
				AA4A4BA322A906540074C5A3 /* Google.gpx */,
				AA4A4B9F22A906420074C5A3 /* SimulatedLocations.gpx */,
				AA4A4B7A22A7A2280074C5A3 /* Info.plist */,
			);
			path = RemindersApp;
			sourceTree = "<group>";
		};
		AA4A4B8222A7A5430074C5A3 /* Controllers */ = {
			isa = PBXGroup;
			children = (
				AA4A4B8022A7A4C00074C5A3 /* MasterController.swift */,
				AA4A4B9522A7B6BF0074C5A3 /* DetailController.swift */,
				AA4A4B9322A7B38F0074C5A3 /* ReminderFetchResultsController.swift */,
				AA4A4B9922A7E1630074C5A3 /* LocationController.swift */,
			);
			path = Controllers;
			sourceTree = "<group>";
		};
		AA4A4B8322A7A54E0074C5A3 /* Views */ = {
			isa = PBXGroup;
			children = (
				AA4A4B8522A7A5860074C5A3 /* ReminderCell.swift */,
			);
			path = Views;
			sourceTree = "<group>";
		};
		AA4A4B8422A7A5610074C5A3 /* Models */ = {
			isa = PBXGroup;
			children = (
				AA4A4B8A22A7B1200074C5A3 /* Reminder+CoreDataClass.swift */,
				AA4A4B8B22A7B1200074C5A3 /* Reminder+CoreDataProperties.swift */,
				AA4A4B9122A7B3310074C5A3 /* DataSource.swift */,
				AA4A4B9722A7B75E0074C5A3 /* Coordinate.swift */,
				AA4A4B8722A7B03C0074C5A3 /* Reminder.xcdatamodeld */,
			);
			path = Models;
			sourceTree = "<group>";
		};
		AA4A4B8E22A7B29E0074C5A3 /* Helpers */ = {
			isa = PBXGroup;
			children = (
				AA4A4B8F22A7B2B60074C5A3 /* CoreDataStack.swift */,
				AA4A4B9B22A7E26A0074C5A3 /* LocationManager.swift */,
				AA4A4B9D22A7E3620074C5A3 /* AlertError.swift */,
			);
			path = Helpers;
			sourceTree = "<group>";
		};
/* End PBXGroup section */

/* Begin PBXNativeTarget section */
		AA4A4B6A22A7A2260074C5A3 /* RemindersApp */ = {
			isa = PBXNativeTarget;
			buildConfigurationList = AA4A4B7D22A7A2280074C5A3 /* Build configuration list for PBXNativeTarget "RemindersApp" */;
			buildPhases = (
				AA4A4B6722A7A2260074C5A3 /* Sources */,
				AA4A4B6822A7A2260074C5A3 /* Frameworks */,
				AA4A4B6922A7A2260074C5A3 /* Resources */,
			);
			buildRules = (
			);
			dependencies = (
			);
			name = RemindersApp;
			productName = RemindersApp;
			productReference = AA4A4B6B22A7A2260074C5A3 /* RemindersApp.app */;
			productType = "com.apple.product-type.application";
		};
/* End PBXNativeTarget section */

/* Begin PBXProject section */
		AA4A4B6322A7A2260074C5A3 /* Project object */ = {
			isa = PBXProject;
			attributes = {
				LastSwiftUpdateCheck = 1020;
				LastUpgradeCheck = 1020;
				ORGANIZATIONNAME = davidlaiymani;
				TargetAttributes = {
					AA4A4B6A22A7A2260074C5A3 = {
						CreatedOnToolsVersion = 10.2.1;
					};
				};
			};
			buildConfigurationList = AA4A4B6622A7A2260074C5A3 /* Build configuration list for PBXProject "RemindersApp" */;
			compatibilityVersion = "Xcode 9.3";
			developmentRegion = en;
			hasScannedForEncodings = 0;
			knownRegions = (
				en,
				Base,
			);
			mainGroup = AA4A4B6222A7A2260074C5A3;
			productRefGroup = AA4A4B6C22A7A2260074C5A3 /* Products */;
			projectDirPath = "";
			projectRoot = "";
			targets = (
				AA4A4B6A22A7A2260074C5A3 /* RemindersApp */,
			);
		};
/* End PBXProject section */

/* Begin PBXResourcesBuildPhase section */
		AA4A4B6922A7A2260074C5A3 /* Resources */ = {
			isa = PBXResourcesBuildPhase;
			buildActionMask = 2147483647;
			files = (
				AA4A4B7922A7A2280074C5A3 /* LaunchScreen.storyboard in Resources */,
				AA4A4B7622A7A2280074C5A3 /* Assets.xcassets in Resources */,
				AA4A4BA422A906540074C5A3 /* Google.gpx in Resources */,
				AA4A4BA222A9064D0074C5A3 /* Apple.gpx in Resources */,
				AA4A4B7422A7A2260074C5A3 /* Main.storyboard in Resources */,
				AA4A4BA022A906430074C5A3 /* SimulatedLocations.gpx in Resources */,
			);
			runOnlyForDeploymentPostprocessing = 0;
		};
/* End PBXResourcesBuildPhase section */

/* Begin PBXSourcesBuildPhase section */
		AA4A4B6722A7A2260074C5A3 /* Sources */ = {
			isa = PBXSourcesBuildPhase;
			buildActionMask = 2147483647;
			files = (
				AA4A4B9022A7B2B60074C5A3 /* CoreDataStack.swift in Sources */,
				AA4A4B8122A7A4C00074C5A3 /* MasterController.swift in Sources */,
				AA4A4B8C22A7B1200074C5A3 /* Reminder+CoreDataClass.swift in Sources */,
				AA4A4B8622A7A5860074C5A3 /* ReminderCell.swift in Sources */,
				AA4A4B9A22A7E1630074C5A3 /* LocationController.swift in Sources */,
				AA4A4B6F22A7A2260074C5A3 /* AppDelegate.swift in Sources */,
				AA4A4B9822A7B75E0074C5A3 /* Coordinate.swift in Sources */,
				AA4A4B8922A7B03C0074C5A3 /* Reminder.xcdatamodeld in Sources */,
				AA4A4B9222A7B3310074C5A3 /* DataSource.swift in Sources */,
				AA4A4B9E22A7E3620074C5A3 /* AlertError.swift in Sources */,
				AA4A4B8D22A7B1200074C5A3 /* Reminder+CoreDataProperties.swift in Sources */,
				AA4A4B9622A7B6BF0074C5A3 /* DetailController.swift in Sources */,
				AA4A4B9422A7B38F0074C5A3 /* ReminderFetchResultsController.swift in Sources */,
				AA4A4B9C22A7E26A0074C5A3 /* LocationManager.swift in Sources */,
			);
			runOnlyForDeploymentPostprocessing = 0;
		};
/* End PBXSourcesBuildPhase section */

/* Begin PBXVariantGroup section */
		AA4A4B7222A7A2260074C5A3 /* Main.storyboard */ = {
			isa = PBXVariantGroup;
			children = (
				AA4A4B7322A7A2260074C5A3 /* Base */,
			);
			name = Main.storyboard;
			sourceTree = "<group>";
		};
		AA4A4B7722A7A2280074C5A3 /* LaunchScreen.storyboard */ = {
			isa = PBXVariantGroup;
			children = (
				AA4A4B7822A7A2280074C5A3 /* Base */,
			);
			name = LaunchScreen.storyboard;
			sourceTree = "<group>";
		};
/* End PBXVariantGroup section */

/* Begin XCBuildConfiguration section */
		AA4A4B7B22A7A2280074C5A3 /* Debug */ = {
			isa = XCBuildConfiguration;
			buildSettings = {
				ALWAYS_SEARCH_USER_PATHS = NO;
				CLANG_ANALYZER_NONNULL = YES;
				CLANG_ANALYZER_NUMBER_OBJECT_CONVERSION = YES_AGGRESSIVE;
				CLANG_CXX_LANGUAGE_STANDARD = "gnu++14";
				CLANG_CXX_LIBRARY = "libc++";
				CLANG_ENABLE_MODULES = YES;
				CLANG_ENABLE_OBJC_ARC = YES;
				CLANG_ENABLE_OBJC_WEAK = YES;
				CLANG_WARN_BLOCK_CAPTURE_AUTORELEASING = YES;
				CLANG_WARN_BOOL_CONVERSION = YES;
				CLANG_WARN_COMMA = YES;
				CLANG_WARN_CONSTANT_CONVERSION = YES;
				CLANG_WARN_DEPRECATED_OBJC_IMPLEMENTATIONS = YES;
				CLANG_WARN_DIRECT_OBJC_ISA_USAGE = YES_ERROR;
				CLANG_WARN_DOCUMENTATION_COMMENTS = YES;
				CLANG_WARN_EMPTY_BODY = YES;
				CLANG_WARN_ENUM_CONVERSION = YES;
				CLANG_WARN_INFINITE_RECURSION = YES;
				CLANG_WARN_INT_CONVERSION = YES;
				CLANG_WARN_NON_LITERAL_NULL_CONVERSION = YES;
				CLANG_WARN_OBJC_IMPLICIT_RETAIN_SELF = YES;
				CLANG_WARN_OBJC_LITERAL_CONVERSION = YES;
				CLANG_WARN_OBJC_ROOT_CLASS = YES_ERROR;
				CLANG_WARN_RANGE_LOOP_ANALYSIS = YES;
				CLANG_WARN_STRICT_PROTOTYPES = YES;
				CLANG_WARN_SUSPICIOUS_MOVE = YES;
				CLANG_WARN_UNGUARDED_AVAILABILITY = YES_AGGRESSIVE;
				CLANG_WARN_UNREACHABLE_CODE = YES;
				CLANG_WARN__DUPLICATE_METHOD_MATCH = YES;
				CODE_SIGN_IDENTITY = "iPhone Developer";
				COPY_PHASE_STRIP = NO;
				DEBUG_INFORMATION_FORMAT = dwarf;
				ENABLE_STRICT_OBJC_MSGSEND = YES;
				ENABLE_TESTABILITY = YES;
				GCC_C_LANGUAGE_STANDARD = gnu11;
				GCC_DYNAMIC_NO_PIC = NO;
				GCC_NO_COMMON_BLOCKS = YES;
				GCC_OPTIMIZATION_LEVEL = 0;
				GCC_PREPROCESSOR_DEFINITIONS = (
					"DEBUG=1",
					"$(inherited)",
				);
				GCC_WARN_64_TO_32_BIT_CONVERSION = YES;
				GCC_WARN_ABOUT_RETURN_TYPE = YES_ERROR;
				GCC_WARN_UNDECLARED_SELECTOR = YES;
				GCC_WARN_UNINITIALIZED_AUTOS = YES_AGGRESSIVE;
				GCC_WARN_UNUSED_FUNCTION = YES;
				GCC_WARN_UNUSED_VARIABLE = YES;
				IPHONEOS_DEPLOYMENT_TARGET = 12.2;
				MTL_ENABLE_DEBUG_INFO = INCLUDE_SOURCE;
				MTL_FAST_MATH = YES;
				ONLY_ACTIVE_ARCH = YES;
				SDKROOT = iphoneos;
				SWIFT_ACTIVE_COMPILATION_CONDITIONS = DEBUG;
				SWIFT_OPTIMIZATION_LEVEL = "-Onone";
			};
			name = Debug;
		};
		AA4A4B7C22A7A2280074C5A3 /* Release */ = {
			isa = XCBuildConfiguration;
			buildSettings = {
				ALWAYS_SEARCH_USER_PATHS = NO;
				CLANG_ANALYZER_NONNULL = YES;
				CLANG_ANALYZER_NUMBER_OBJECT_CONVERSION = YES_AGGRESSIVE;
				CLANG_CXX_LANGUAGE_STANDARD = "gnu++14";
				CLANG_CXX_LIBRARY = "libc++";
				CLANG_ENABLE_MODULES = YES;
				CLANG_ENABLE_OBJC_ARC = YES;
				CLANG_ENABLE_OBJC_WEAK = YES;
				CLANG_WARN_BLOCK_CAPTURE_AUTORELEASING = YES;
				CLANG_WARN_BOOL_CONVERSION = YES;
				CLANG_WARN_COMMA = YES;
				CLANG_WARN_CONSTANT_CONVERSION = YES;
				CLANG_WARN_DEPRECATED_OBJC_IMPLEMENTATIONS = YES;
				CLANG_WARN_DIRECT_OBJC_ISA_USAGE = YES_ERROR;
				CLANG_WARN_DOCUMENTATION_COMMENTS = YES;
				CLANG_WARN_EMPTY_BODY = YES;
				CLANG_WARN_ENUM_CONVERSION = YES;
				CLANG_WARN_INFINITE_RECURSION = YES;
				CLANG_WARN_INT_CONVERSION = YES;
				CLANG_WARN_NON_LITERAL_NULL_CONVERSION = YES;
				CLANG_WARN_OBJC_IMPLICIT_RETAIN_SELF = YES;
				CLANG_WARN_OBJC_LITERAL_CONVERSION = YES;
				CLANG_WARN_OBJC_ROOT_CLASS = YES_ERROR;
				CLANG_WARN_RANGE_LOOP_ANALYSIS = YES;
				CLANG_WARN_STRICT_PROTOTYPES = YES;
				CLANG_WARN_SUSPICIOUS_MOVE = YES;
				CLANG_WARN_UNGUARDED_AVAILABILITY = YES_AGGRESSIVE;
				CLANG_WARN_UNREACHABLE_CODE = YES;
				CLANG_WARN__DUPLICATE_METHOD_MATCH = YES;
				CODE_SIGN_IDENTITY = "iPhone Developer";
				COPY_PHASE_STRIP = NO;
				DEBUG_INFORMATION_FORMAT = "dwarf-with-dsym";
				ENABLE_NS_ASSERTIONS = NO;
				ENABLE_STRICT_OBJC_MSGSEND = YES;
				GCC_C_LANGUAGE_STANDARD = gnu11;
				GCC_NO_COMMON_BLOCKS = YES;
				GCC_WARN_64_TO_32_BIT_CONVERSION = YES;
				GCC_WARN_ABOUT_RETURN_TYPE = YES_ERROR;
				GCC_WARN_UNDECLARED_SELECTOR = YES;
				GCC_WARN_UNINITIALIZED_AUTOS = YES_AGGRESSIVE;
				GCC_WARN_UNUSED_FUNCTION = YES;
				GCC_WARN_UNUSED_VARIABLE = YES;
				IPHONEOS_DEPLOYMENT_TARGET = 12.2;
				MTL_ENABLE_DEBUG_INFO = NO;
				MTL_FAST_MATH = YES;
				SDKROOT = iphoneos;
				SWIFT_COMPILATION_MODE = wholemodule;
				SWIFT_OPTIMIZATION_LEVEL = "-O";
				VALIDATE_PRODUCT = YES;
			};
			name = Release;
		};
		AA4A4B7E22A7A2280074C5A3 /* Debug */ = {
			isa = XCBuildConfiguration;
			buildSettings = {
				ASSETCATALOG_COMPILER_APPICON_NAME = AppIcon;
				CODE_SIGN_STYLE = Automatic;
				DEVELOPMENT_TEAM = BCB2U5N8E6;
				INFOPLIST_FILE = RemindersApp/Info.plist;
				LD_RUNPATH_SEARCH_PATHS = (
					"$(inherited)",
					"@executable_path/Frameworks",
				);
				PRODUCT_BUNDLE_IDENTIFIER = "fr.univ-fcomte.courspart.RemindersApp";
				PRODUCT_NAME = "$(TARGET_NAME)";
				SWIFT_VERSION = 5.0;
				TARGETED_DEVICE_FAMILY = "1,2";
			};
			name = Debug;
		};
		AA4A4B7F22A7A2280074C5A3 /* Release */ = {
			isa = XCBuildConfiguration;
			buildSettings = {
				ASSETCATALOG_COMPILER_APPICON_NAME = AppIcon;
				CODE_SIGN_STYLE = Automatic;
				DEVELOPMENT_TEAM = BCB2U5N8E6;
				INFOPLIST_FILE = RemindersApp/Info.plist;
				LD_RUNPATH_SEARCH_PATHS = (
					"$(inherited)",
					"@executable_path/Frameworks",
				);
				PRODUCT_BUNDLE_IDENTIFIER = "fr.univ-fcomte.courspart.RemindersApp";
				PRODUCT_NAME = "$(TARGET_NAME)";
				SWIFT_VERSION = 5.0;
				TARGETED_DEVICE_FAMILY = "1,2";
			};
			name = Release;
		};
/* End XCBuildConfiguration section */

/* Begin XCConfigurationList section */
		AA4A4B6622A7A2260074C5A3 /* Build configuration list for PBXProject "RemindersApp" */ = {
			isa = XCConfigurationList;
			buildConfigurations = (
				AA4A4B7B22A7A2280074C5A3 /* Debug */,
				AA4A4B7C22A7A2280074C5A3 /* Release */,
			);
			defaultConfigurationIsVisible = 0;
			defaultConfigurationName = Release;
		};
		AA4A4B7D22A7A2280074C5A3 /* Build configuration list for PBXNativeTarget "RemindersApp" */ = {
			isa = XCConfigurationList;
			buildConfigurations = (
				AA4A4B7E22A7A2280074C5A3 /* Debug */,
				AA4A4B7F22A7A2280074C5A3 /* Release */,
			);
			defaultConfigurationIsVisible = 0;
			defaultConfigurationName = Release;
		};
/* End XCConfigurationList section */

/* Begin XCVersionGroup section */
		AA4A4B8722A7B03C0074C5A3 /* Reminder.xcdatamodeld */ = {
			isa = XCVersionGroup;
			children = (
				AA4A4B8822A7B03C0074C5A3 /* Reminder.xcdatamodel */,
			);
			currentVersion = AA4A4B8822A7B03C0074C5A3 /* Reminder.xcdatamodel */;
			path = Reminder.xcdatamodeld;
			sourceTree = "<group>";
			versionGroupType = wrapper.xcdatamodel;
		};
/* End XCVersionGroup section */
	};
	rootObject = AA4A4B6322A7A2260074C5A3 /* Project object */;
}
